Microsoft Visual Studio Solution File, Format Version 12.00
# Visual Studio Version 16
VisualStudioVersion = 16.0.0.0
MinimumVisualStudioVersion = 16.0.0.0
Project("{9A19103F-16F7-4668-BE54-9A1E7A4F7556}") = "BlazorSample", "BlazorSample\BlazorSample.csproj", "{A2DD4688-63E9-4559-95BA-9B2B0297396C}"
EndProject
Project("{9A19103F-16F7-4668-BE54-9A1E7A4F7556}") = "BlazorSample.Client", "BlazorSample.Client\BlazorSample.Client.csproj", "{DA2A1693-7C9D-4F72-8956-9E20470F5F36}"
EndProject
Global
	GlobalSection(SolutionConfigurationPlatforms) = preSolution
		Debug|Any CPU = Debug|Any CPU
		Debug|x64 = Debug|x64
		Debug|x86 = Debug|x86
		Release|Any CPU = Release|Any CPU
		Release|x64 = Release|x64
		Release|x86 = Release|x86
	EndGlobalSection
	GlobalSection(ProjectConfigurationPlatforms) = postSolution
		{DA2A1693-7C9D-4F72-8956-9E20470F5F36}.Debug|Any CPU.ActiveCfg = Debug|Any CPU
		{DA2A1693-7C9D-4F72-8956-9E20470F5F36}.Debug|Any CPU.Build.0 = Debug|Any CPU
		{DA2A1693-7C9D-4F72-8956-9E20470F5F36}.Debug|x64.ActiveCfg = Debug|Any CPU
		{DA2A1693-7C9D-4F72-8956-9E20470F5F36}.Debug|x64.Build.0 = Debug|Any CPU
		{DA2A1693-7C9D-4F72-8956-9E20470F5F36}.Debug|x86.ActiveCfg = Debug|Any CPU
		{DA2A1693-7C9D-4F72-8956-9E20470F5F36}.Debug|x86.Build.0 = Debug|Any CPU
		{DA2A1693-7C9D-4F72-8956-9E20470F5F36}.Release|Any CPU.ActiveCfg = Release|Any CPU
		{DA2A1693-7C9D-4F72-8956-9E20470F5F36}.Release|Any CPU.Build.0 = Release|Any CPU
		{DA2A1693-7C9D-4F72-8956-9E20470F5F36}.Release|x64.ActiveCfg = Release|Any CPU
		{DA2A1693-7C9D-4F72-8956-9E20470F5F36}.Release|x64.Build.0 = Release|Any CPU
		{DA2A1693-7C9D-4F72-8956-9E20470F5F36}.Release|x86.ActiveCfg = Release|Any CPU
		{DA2A1693-7C9D-4F72-8956-9E20470F5F36}.Release|x86.Build.0 = Release|Any CPU
		{A2DD4688-63E9-4559-95BA-9B2B0297396C}.Debug|Any CPU.ActiveCfg = Debug|Any CPU
		{A2DD4688-63E9-4559-95BA-9B2B0297396C}.Debug|Any CPU.Build.0 = Debug|Any CPU
		{A2DD4688-63E9-4559-95BA-9B2B0297396C}.Debug|x64.ActiveCfg = Debug|Any CPU
		{A2DD4688-63E9-4559-95BA-9B2B0297396C}.Debug|x64.Build.0 = Debug|Any CPU
		{A2DD4688-63E9-4559-95BA-9B2B0297396C}.Debug|x86.ActiveCfg = Debug|Any CPU
		{A2DD4688-63E9-4559-95BA-9B2B0297396C}.Debug|x86.Build.0 = Debug|Any CPU
		{A2DD4688-63E9-4559-95BA-9B2B0297396C}.Release|Any CPU.ActiveCfg = Release|Any CPU
		{A2DD4688-63E9-4559-95BA-9B2B0297396C}.Release|Any CPU.Build.0 = Release|Any CPU
		{A2DD4688-63E9-4559-95BA-9B2B0297396C}.Release|x64.ActiveCfg = Release|Any CPU
		{A2DD4688-63E9-4559-95BA-9B2B0297396C}.Release|x64.Build.0 = Release|Any CPU
		{A2DD4688-63E9-4559-95BA-9B2B0297396C}.Release|x86.ActiveCfg = Release|Any CPU
		{A2DD4688-63E9-4559-95BA-9B2B0297396C}.Release|x86.Build.0 = Release|Any CPU
	EndGlobalSection
	GlobalSection(SolutionProperties) = preSolution
		HideSolutionNode = FALSE
	EndGlobalSection
	GlobalSection(ExtensibilityGlobals) = postSolution
		SolutionGuid = {8EE22792-7B59-4FC8-9349-BF824E0CBF3C}
	EndGlobalSection
EndGlobal
